PODS:
  - FTypePopAlert (0.1.0):
    - Kingfisher
    - SnapKit
    - SwiftyJSON
  - Kingfisher (7.9.1)
  - SnapKit (5.6.0)
  - SwiftyJSON (5.0.1)

DEPENDENCIES:
  - FTypePopAlert (from `../`)

SPEC REPOS:
  trunk:
    - Kingfisher
    - SnapKit
    - SwiftyJSON

EXTERNAL SOURCES:
  FTypePopAlert:
    :path: "../"

SPEC CHECKSUMS:
  FTypePopAlert: bf9ce310a87cda37a7fae7ce211f95b4a7e67e0c
  Kingfisher: 1d14e9f59cbe19389f591c929000332bf70efd32
  SnapKit: e01d52ebb8ddbc333eefe2132acf85c8227d9c25
  SwiftyJSON: 2f33a42c6fbc52764d96f13368585094bfd8aa5e

PODFILE CHECKSUM: bed49cf9a4be3338791316c7a76042ca390bd1b7

COCOAPODS: 1.13.0
